
Microsoft Visual Studio Solution File, Format Version 10.00
# Visual Studio 2008
Project("{8BC9CEB8-8B4A-11D0-8D11-00A0C91BC942}") = "EncryptData", "EncryptData\EncryptData.vcproj", "{6D79BBC0-DF97-4A09-9D12-A7F6371AF09E}"
EndProject
Global
	GlobalSection(SolutionConfigurationPlatforms) = preSolution
		Debug|Win32 = Debug|Win32
		Release|Win32 = Release|Win32
	EndGlobalSection
	GlobalSection(ProjectConfigurationPlatforms) = postSolution
		{6D79BBC0-DF97-4A09-9D12-A7F6371AF09E}.Debug|Win32.ActiveCfg = Debug|Win32
		{6D79BBC0-DF97-4A09-9D12-A7F6371AF09E}.Debug|Win32.Build.0 = Debug|Win32
		{6D79BBC0-DF97-4A09-9D12-A7F6371AF09E}.Release|Win32.ActiveCfg = Release|Win32
		{6D79BBC0-DF97-4A09-9D12-A7F6371AF09E}.Release|Win32.Build.0 = Release|Win32
	EndGlobalSection
	GlobalSection(SolutionProperties) = preSolution
		HideSolutionNode = FALSE
	EndGlobalSection
EndGlobal
