
Microsoft Visual Studio Solution File, Format Version 10.00
# Visual Studio 2008
Project("{8BC9CEB8-8B4A-11D0-8D11-00A0C91BC942}") = "EnumObj", "EnumObj.vcproj", "{8E6BB482-E394-45E9-8235-662B7810817E}"
EndProject
Global
	GlobalSection(SolutionConfigurationPlatforms) = preSolution
		Debug|Win32 = Debug|Win32
		Debug|x64 = Debug|x64
		Release|Win32 = Release|Win32
		Release|x64 = Release|x64
	EndGlobalSection
	GlobalSection(ProjectConfigurationPlatforms) = postSolution
		{8E6BB482-E394-45E9-8235-662B7810817E}.Debug|Win32.ActiveCfg = Debug|Win32
		{8E6BB482-E394-45E9-8235-662B7810817E}.Debug|Win32.Build.0 = Debug|Win32
		{8E6BB482-E394-45E9-8235-662B7810817E}.Debug|x64.ActiveCfg = Debug|x64
		{8E6BB482-E394-45E9-8235-662B7810817E}.Debug|x64.Build.0 = Debug|x64
		{8E6BB482-E394-45E9-8235-662B7810817E}.Release|Win32.ActiveCfg = Release|Win32
		{8E6BB482-E394-45E9-8235-662B7810817E}.Release|Win32.Build.0 = Release|Win32
		{8E6BB482-E394-45E9-8235-662B7810817E}.Release|x64.ActiveCfg = Release|x64
		{8E6BB482-E394-45E9-8235-662B7810817E}.Release|x64.Build.0 = Release|x64
	EndGlobalSection
	GlobalSection(SolutionProperties) = preSolution
		HideSolutionNode = FALSE
	EndGlobalSection
EndGlobal
