
Microsoft Visual Studio Solution File, Format Version 10.00
# Visual Studio 2008
Project("{8BC9CEB8-8B4A-11D0-8D11-00A0C91BC942}") = "PKCStest", "PKCStest.vcproj", "{7B192A56-D63C-4E0B-AD29-1A59E793DB2A}"
EndProject
Global
	GlobalSection(SolutionConfigurationPlatforms) = preSolution
		Debug|Win32 = Debug|Win32
		Release|Win32 = Release|Win32
	EndGlobalSection
	GlobalSection(ProjectConfigurationPlatforms) = postSolution
		{7B192A56-D63C-4E0B-AD29-1A59E793DB2A}.Debug|Win32.ActiveCfg = Debug|Win32
		{7B192A56-D63C-4E0B-AD29-1A59E793DB2A}.Debug|Win32.Build.0 = Debug|Win32
		{7B192A56-D63C-4E0B-AD29-1A59E793DB2A}.Release|Win32.ActiveCfg = Release|Win32
		{7B192A56-D63C-4E0B-AD29-1A59E793DB2A}.Release|Win32.Build.0 = Release|Win32
	EndGlobalSection
	GlobalSection(SolutionProperties) = preSolution
		HideSolutionNode = FALSE
	EndGlobalSection
EndGlobal
