
Microsoft Visual Studio Solution File, Format Version 10.00
# Visual Studio 2008
Project("{8BC9CEB8-8B4A-11D0-8D11-00A0C91BC942}") = "RemoteUnblock", "RemoteUnblock\RemoteUnblock.vcproj", "{C324359D-8F17-4CA9-89E7-86D0D91FA60C}"
EndProject
Global
	GlobalSection(SolutionConfigurationPlatforms) = preSolution
		Debug|Win32 = Debug|Win32
		Release|Win32 = Release|Win32
	EndGlobalSection
	GlobalSection(ProjectConfigurationPlatforms) = postSolution
		{C324359D-8F17-4CA9-89E7-86D0D91FA60C}.Debug|Win32.ActiveCfg = Debug|Win32
		{C324359D-8F17-4CA9-89E7-86D0D91FA60C}.Debug|Win32.Build.0 = Debug|Win32
		{C324359D-8F17-4CA9-89E7-86D0D91FA60C}.Release|Win32.ActiveCfg = Release|Win32
		{C324359D-8F17-4CA9-89E7-86D0D91FA60C}.Release|Win32.Build.0 = Release|Win32
	EndGlobalSection
	GlobalSection(SolutionProperties) = preSolution
		HideSolutionNode = FALSE
	EndGlobalSection
EndGlobal
