
Microsoft Visual Studio Solution File, Format Version 10.00
# Visual Studio 2008
Project("{8BC9CEB8-8B4A-11D0-8D11-00A0C91BC942}") = "Signature", "Signature\Signature.vcproj", "{58390DA1-908B-4CA6-9A37-1C06B5783458}"
EndProject
Global
	GlobalSection(SolutionConfigurationPlatforms) = preSolution
		Debug|Win32 = Debug|Win32
		Release|Win32 = Release|Win32
	EndGlobalSection
	GlobalSection(ProjectConfigurationPlatforms) = postSolution
		{58390DA1-908B-4CA6-9A37-1C06B5783458}.Debug|Win32.ActiveCfg = Debug|Win32
		{58390DA1-908B-4CA6-9A37-1C06B5783458}.Debug|Win32.Build.0 = Debug|Win32
		{58390DA1-908B-4CA6-9A37-1C06B5783458}.Release|Win32.ActiveCfg = Release|Win32
		{58390DA1-908B-4CA6-9A37-1C06B5783458}.Release|Win32.Build.0 = Release|Win32
	EndGlobalSection
	GlobalSection(SolutionProperties) = preSolution
		HideSolutionNode = FALSE
	EndGlobalSection
EndGlobal
